// !$*UTF8*$!
{
	archiveVersion = 1;
	classes = {
	};
	objectVersion = 46;
	objects = {

/* Begin PBXBuildFile section */
		8B8C8B4B1C5731510009C818 /* AppDelegate.swift in Sources */ = {isa = PBXBuildFile; fileRef = 8B8C8B4A1C5731510009C818 /* AppDelegate.swift */; };
		8B8C8B4D1C5731510009C818 /* ViewController.swift in Sources */ = {isa = PBXBuildFile; fileRef = 8B8C8B4C1C5731510009C818 /* ViewController.swift */; };
		8B8C8B4F1C5731510009C818 /* Assets.xcassets in Resources */ = {isa = PBXBuildFile; fileRef = 8B8C8B4E1C5731510009C818 /* Assets.xcassets */; };
		8B8C8B521C5731510009C818 /* Main.storyboard in Resources */ = {isa = PBXBuildFile; fileRef = 8B8C8B501C5731510009C818 /* Main.storyboard */; };
/* End PBXBuildFile section */

/* Begin PBXFileReference section */
		8B8C8B471C5731510009C818 /* SmileMore.app */ = {isa = PBXFileReference; explicitFileType = wrapper.application; includeInIndex = 0; path = SmileMore.app; sourceTree = BUILT_PRODUCTS_DIR; };
		8B8C8B4A1C5731510009C818 /* AppDelegate.swift */ = {isa = PBXFileReference; lastKnownFileType = sourcecode.swift; path = AppDelegate.swift; sourceTree = "<group>"; };
		8B8C8B4C1C5731510009C818 /* ViewController.swift */ = {isa = PBXFileReference; lastKnownFileType = sourcecode.swift; path = ViewController.swift; sourceTree = "<group>"; };
		8B8C8B4E1C5731510009C818 /* Assets.xcassets */ = {isa = PBXFileReference; lastKnownFileType = folder.assetcatalog; path = Assets.xcassets; sourceTree = "<group>"; };
		8B8C8B511C5731510009C818 /* Base */ = {isa = PBXFileReference; lastKnownFileType = file.storyboard; name = Base; path = Base.lproj/Main.storyboard; sourceTree = "<group>"; };
		8B8C8B531C5731510009C818 /* Info.plist */ = {isa = PBXFileReference; lastKnownFileType = text.plist.xml; path = Info.plist; sourceTree = "<group>"; };
/* End PBXFileReference section */

/* Begin PBXFrameworksBuildPhase section */
		8B8C8B441C5731510009C818 /* Frameworks */ = {
			isa = PBXFrameworksBuildPhase;
			buildActionMask = 2147483647;
			files = (
			);
			runOnlyForDeploymentPostprocessing = 0;
		};
/* End PBXFrameworksBuildPhase section */

/* Begin PBXGroup section */
		8B8C8B3E1C5731510009C818 = {
			isa = PBXGroup;
			children = (
				8B8C8B491C5731510009C818 /* SmileMore */,
				8B8C8B481C5731510009C818 /* Products */,
			);
			sourceTree = "<group>";
		};
		8B8C8B481C5731510009C818 /* Products */ = {
			isa = PBXGroup;
			children = (
				8B8C8B471C5731510009C818 /* SmileMore.app */,
			);
			name = Products;
			sourceTree = "<group>";
		};
		8B8C8B491C5731510009C818 /* SmileMore */ = {
			isa = PBXGroup;
			children = (
				8B8C8B4A1C5731510009C818 /* AppDelegate.swift */,
				8B8C8B4C1C5731510009C818 /* ViewController.swift */,
				8B8C8B4E1C5731510009C818 /* Assets.xcassets */,
				8B8C8B501C5731510009C818 /* Main.storyboard */,
				8B8C8B531C5731510009C818 /* Info.plist */,
			);
			path = SmileMore;
			sourceTree = "<group>";
		};
/* End PBXGroup section */

/* Begin PBXNativeTarget section */
		8B8C8B461C5731510009C818 /* SmileMore */ = {
			isa = PBXNativeTarget;
			buildConfigurationList = 8B8C8B561C5731510009C818 /* Build configuration list for PBXNativeTarget "SmileMore" */;
			buildPhases = (
				8B8C8B431C5731510009C818 /* Sources */,
				8B8C8B441C5731510009C818 /* Frameworks */,
				8B8C8B451C5731510009C818 /* Resources */,
			);
			buildRules = (
			);
			dependencies = (
			);
			name = SmileMore;
			productName = SmileMore;
			productReference = 8B8C8B471C5731510009C818 /* SmileMore.app */;
			productType = "com.apple.product-type.application";
		};
/* End PBXNativeTarget section */

/* Begin PBXProject section */
		8B8C8B3F1C5731510009C818 /* Project object */ = {
			isa = PBXProject;
			attributes = {
				LastSwiftUpdateCheck = 0720;
				LastUpgradeCheck = 0720;
				ORGANIZATIONNAME = Dolphin;
				TargetAttributes = {
					8B8C8B461C5731510009C818 = {
						CreatedOnToolsVersion = 7.2;
					};
				};
			};
			buildConfigurationList = 8B8C8B421C5731510009C818 /* Build configuration list for PBXProject "SmileMore" */;
			compatibilityVersion = "Xcode 3.2";
			developmentRegion = English;
			hasScannedForEncodings = 0;
			knownRegions = (
				en,
				Base,
			);
			mainGroup = 8B8C8B3E1C5731510009C818;
			productRefGroup = 8B8C8B481C5731510009C818 /* Products */;
			projectDirPath = "";
			projectRoot = "";
			targets = (
				8B8C8B461C5731510009C818 /* SmileMore */,
			);
		};
/* End PBXProject section */

/* Begin PBXResourcesBuildPhase section */
		8B8C8B451C5731510009C818 /* Resources */ = {
			isa = PBXResourcesBuildPhase;
			buildActionMask = 2147483647;
			files = (
				8B8C8B4F1C5731510009C818 /* Assets.xcassets in Resources */,
				8B8C8B521C5731510009C818 /* Main.storyboard in Resources */,
			);
			runOnlyForDeploymentPostprocessing = 0;
		};
/* End PBXResourcesBuildPhase section */

/* Begin PBXSourcesBuildPhase section */
		8B8C8B431C5731510009C818 /* Sources */ = {
			isa = PBXSourcesBuildPhase;
			buildActionMask = 2147483647;
			files = (
				8B8C8B4D1C5731510009C818 /* ViewController.swift in Sources */,
				8B8C8B4B1C5731510009C818 /* AppDelegate.swift in Sources */,
			);
			runOnlyForDeploymentPostprocessing = 0;
		};
/* End PBXSourcesBuildPhase section */

/* Begin PBXVariantGroup section */
		8B8C8B501C5731510009C818 /* Main.storyboard */ = {
			isa = PBXVariantGroup;
			children = (
				8B8C8B511C5731510009C818 /* Base */,
			);
			name = Main.storyboard;
			sourceTree = "<group>";
		};
/* End PBXVariantGroup section */

/* Begin XCBuildConfiguration section */
		8B8C8B541C5731510009C818 /* Debug */ = {
			isa = XCBuildConfiguration;
			buildSettings = {
				ALWAYS_SEARCH_USER_PATHS = NO;
				CLANG_CXX_LANGUAGE_STANDARD = "gnu++0x";
				CLANG_CXX_LIBRARY = "libc++";
				CLANG_ENABLE_MODULES = YES;
				CLANG_ENABLE_OBJC_ARC = YES;
				CLANG_WARN_BOOL_CONVERSION = YES;
				CLANG_WARN_CONSTANT_CONVERSION = YES;
				CLANG_WARN_DIRECT_OBJC_ISA_USAGE = YES_ERROR;
				CLANG_WARN_EMPTY_BODY = YES;
				CLANG_WARN_ENUM_CONVERSION = YES;
				CLANG_WARN_INT_CONVERSION = YES;
				CLANG_WARN_OBJC_ROOT_CLASS = YES_ERROR;
				CLANG_WARN_UNREACHABLE_CODE = YES;
				CLANG_WARN__DUPLICATE_METHOD_MATCH = YES;
				CODE_SIGN_IDENTITY = "-";
				COPY_PHASE_STRIP = NO;
				DEBUG_INFORMATION_FORMAT = dwarf;
				ENABLE_STRICT_OBJC_MSGSEND = YES;
				ENABLE_TESTABILITY = YES;
				GCC_C_LANGUAGE_STANDARD = gnu99;
				GCC_DYNAMIC_NO_PIC = NO;
				GCC_NO_COMMON_BLOCKS = YES;
				GCC_OPTIMIZATION_LEVEL = 0;
				GCC_PREPROCESSOR_DEFINITIONS = (
					"DEBUG=1",
					"$(inherited)",
				);
				GCC_WARN_64_TO_32_BIT_CONVERSION = YES;
				GCC_WARN_ABOUT_RETURN_TYPE = YES_ERROR;
				GCC_WARN_UNDECLARED_SELECTOR = YES;
				GCC_WARN_UNINITIALIZED_AUTOS = YES_AGGRESSIVE;
				GCC_WARN_UNUSED_FUNCTION = YES;
				GCC_WARN_UNUSED_VARIABLE = YES;
				MACOSX_DEPLOYMENT_TARGET = 10.11;
				MTL_ENABLE_DEBUG_INFO = YES;
				ONLY_ACTIVE_ARCH = YES;
				SDKROOT = macosx;
				SWIFT_OPTIMIZATION_LEVEL = "-Onone";
			};
			name = Debug;
		};
		8B8C8B551C5731510009C818 /* Release */ = {
			isa = XCBuildConfiguration;
			buildSettings = {
				ALWAYS_SEARCH_USER_PATHS = NO;
				CLANG_CXX_LANGUAGE_STANDARD = "gnu++0x";
				CLANG_CXX_LIBRARY = "libc++";
				CLANG_ENABLE_MODULES = YES;
				CLANG_ENABLE_OBJC_ARC = YES;
				CLANG_WARN_BOOL_CONVERSION = YES;
				CLANG_WARN_CONSTANT_CONVERSION = YES;
				CLANG_WARN_DIRECT_OBJC_ISA_USAGE = YES_ERROR;
				CLANG_WARN_EMPTY_BODY = YES;
				CLANG_WARN_ENUM_CONVERSION = YES;
				CLANG_WARN_INT_CONVERSION = YES;
				CLANG_WARN_OBJC_ROOT_CLASS = YES_ERROR;
				CLANG_WARN_UNREACHABLE_CODE = YES;
				CLANG_WARN__DUPLICATE_METHOD_MATCH = YES;
				CODE_SIGN_IDENTITY = "-";
				COPY_PHASE_STRIP = NO;
				DEBUG_INFORMATION_FORMAT = "dwarf-with-dsym";
				ENABLE_NS_ASSERTIONS = NO;
				ENABLE_STRICT_OBJC_MSGSEND = YES;
				GCC_C_LANGUAGE_STANDARD = gnu99;
				GCC_NO_COMMON_BLOCKS = YES;
				GCC_WARN_64_TO_32_BIT_CONVERSION = YES;
				GCC_WARN_ABOUT_RETURN_TYPE = YES_ERROR;
				GCC_WARN_UNDECLARED_SELECTOR = YES;
				GCC_WARN_UNINITIALIZED_AUTOS = YES_AGGRESSIVE;
				GCC_WARN_UNUSED_FUNCTION = YES;
				GCC_WARN_UNUSED_VARIABLE = YES;
				MACOSX_DEPLOYMENT_TARGET = 10.11;
				MTL_ENABLE_DEBUG_INFO = NO;
				SDKROOT = macosx;
			};
			name = Release;
		};
		8B8C8B571C5731510009C818 /* Debug */ = {
			isa = XCBuildConfiguration;
			buildSettings = {
				ASSETCATALOG_COMPILER_APPICON_NAME = AppIcon;
				COMBINE_HIDPI_IMAGES = YES;
				INFOPLIST_FILE = SmileMore/Info.plist;
				LD_RUNPATH_SEARCH_PATHS = "$(inherited) @executable_path/../Frameworks";
				PRODUCT_BUNDLE_IDENTIFIER = com.dolphin.smilemore.osx.SmileMore;
				PRODUCT_NAME = "$(TARGET_NAME)";
			};
			name = Debug;
		};
		8B8C8B581C5731510009C818 /* Release */ = {
			isa = XCBuildConfiguration;
			buildSettings = {
				ASSETCATALOG_COMPILER_APPICON_NAME = AppIcon;
				COMBINE_HIDPI_IMAGES = YES;
				INFOPLIST_FILE = SmileMore/Info.plist;
				LD_RUNPATH_SEARCH_PATHS = "$(inherited) @executable_path/../Frameworks";
				PRODUCT_BUNDLE_IDENTIFIER = com.dolphin.smilemore.osx.SmileMore;
				PRODUCT_NAME = "$(TARGET_NAME)";
			};
			name = Release;
		};
/* End XCBuildConfiguration section */

/* Begin XCConfigurationList section */
		8B8C8B421C5731510009C818 /* Build configuration list for PBXProject "SmileMore" */ = {
			isa = XCConfigurationList;
			buildConfigurations = (
				8B8C8B541C5731510009C818 /* Debug */,
				8B8C8B551C5731510009C818 /* Release */,
			);
			defaultConfigurationIsVisible = 0;
			defaultConfigurationName = Release;
		};
		8B8C8B561C5731510009C818 /* Build configuration list for PBXNativeTarget "SmileMore" */ = {
			isa = XCConfigurationList;
			buildConfigurations = (
				8B8C8B571C5731510009C818 /* Debug */,
				8B8C8B581C5731510009C818 /* Release */,
			);
			defaultConfigurationIsVisible = 0;
		};
/* End XCConfigurationList section */
	};
	rootObject = 8B8C8B3F1C5731510009C818 /* Project object */;
}
